
Microsoft Visual Studio Solution File, Format Version 12.00
# Visual Studio Version 16
VisualStudioVersion = 16.0.29123.88
MinimumVisualStudioVersion = 10.0.40219.1
Project("{FAE04EC0-301F-11D3-BF4B-00C04F79EFBC}") = "MoviesAndMusicRenting", "MoviesAndMusicRenting.csproj", "{88BD9487-64AC-4659-9F2C-D13BDC226C16}"
EndProject
Project("{FAE04EC0-301F-11D3-BF4B-00C04F79EFBC}") = "RentingUnitTest", "RentingUnitTest\RentingUnitTest.csproj", "{1EC073FD-98DC-40BA-AA41-BAAB7ECC6D1D}"
EndProject
Global
	GlobalSection(SolutionConfigurationPlatforms) = preSolution
		Debug|Any CPU = Debug|Any CPU
		Release|Any CPU = Release|Any CPU
	EndGlobalSection
	GlobalSection(ProjectConfigurationPlatforms) = postSolution
		{88BD9487-64AC-4659-9F2C-D13BDC226C16}.Debug|Any CPU.ActiveCfg = Debug|Any CPU
		{88BD9487-64AC-4659-9F2C-D13BDC226C16}.Debug|Any CPU.Build.0 = Debug|Any CPU
		{88BD9487-64AC-4659-9F2C-D13BDC226C16}.Release|Any CPU.ActiveCfg = Release|Any CPU
		{88BD9487-64AC-4659-9F2C-D13BDC226C16}.Release|Any CPU.Build.0 = Release|Any CPU
		{1EC073FD-98DC-40BA-AA41-BAAB7ECC6D1D}.Debug|Any CPU.ActiveCfg = Debug|Any CPU
		{1EC073FD-98DC-40BA-AA41-BAAB7ECC6D1D}.Debug|Any CPU.Build.0 = Debug|Any CPU
		{1EC073FD-98DC-40BA-AA41-BAAB7ECC6D1D}.Release|Any CPU.ActiveCfg = Release|Any CPU
		{1EC073FD-98DC-40BA-AA41-BAAB7ECC6D1D}.Release|Any CPU.Build.0 = Release|Any CPU
	EndGlobalSection
	GlobalSection(SolutionProperties) = preSolution
		HideSolutionNode = FALSE
	EndGlobalSection
	GlobalSection(ExtensibilityGlobals) = postSolution
		SolutionGuid = {ACB03A4D-B02D-4D55-953A-A1974E7E253A}
	EndGlobalSection
EndGlobal
